
Microsoft Visual Studio Solution File, Format Version 12.00
# Visual Studio 2013
VisualStudioVersion = 12.0.31101.0
MinimumVisualStudioVersion = 10.0.40219.1
Project("{2150E333-8FDC-42A3-9474-1A3956D46DE8}") = "docs", "docs", "{7569870D-8935-4863-84BD-9863EDEA1620}"
	ProjectSection(SolutionItems) = preProject
		docs\branch.md = docs\branch.md
		docs\Continuous Integration in .NET-note.md = docs\Continuous Integration in .NET-note.md
		docs\ContinuousIntegration-MartinFowler-note.md = docs\ContinuousIntegration-MartinFowler-note.md
		docs\ContinuousIntegration-MartinFowler.md = docs\ContinuousIntegration-MartinFowler.md
		docs\nb-cm.md = docs\nb-cm.md
		docs\note-AngularJs.md = docs\note-AngularJs.md
		docs\note-jquery.md = docs\note-jquery.md
		docs\note-linq.md = docs\note-linq.md
		docs\note-pro-git.md = docs\note-pro-git.md
		docs\note-sql.md = docs\note-sql.md
		docs\note-version.md = docs\note-version.md
		docs\note-架构设计.md = docs\note-架构设计.md
		docs\Team Foundation Server Architecture.md = docs\Team Foundation Server Architecture.md
		docs\trick-angularjs.md = docs\trick-angularjs.md
		docs\trick-始终以管理员运行程序.md = docs\trick-始终以管理员运行程序.md
		docs\持续交付-发布可靠软件的系统方法-note.md = docs\持续交付-发布可靠软件的系统方法-note.md
		docs\持续集成-软件质量改进和风险降低之道-note.md = docs\持续集成-软件质量改进和风险降低之道-note.md
		docs\持续集成落地计划.md = docs\持续集成落地计划.md
	EndProjectSection
EndProject
Project("{2150E333-8FDC-42A3-9474-1A3956D46DE8}") = "readme", "readme", "{BB2B0ECA-EB09-4632-B567-6F31280F3EB2}"
	ProjectSection(SolutionItems) = preProject
		readme.md = readme.md
	EndProjectSection
EndProject
Project("{2150E333-8FDC-42A3-9474-1A3956D46DE8}") = "zqnb", "zqnb", "{02ABDF66-84FC-48C3-BBC5-3B10FC553FA4}"
EndProject
Project("{FAE04EC0-301F-11D3-BF4B-00C04F79EFBC}") = "Models", "Models\Models.csproj", "{43AA7F9F-21F0-4D4D-A0CC-EF2953494030}"
EndProject
Project("{FAE04EC0-301F-11D3-BF4B-00C04F79EFBC}") = "Services", "Services\Services.csproj", "{9DEB3C08-965F-4FB0-A9E5-E420D26C109C}"
EndProject
Global
	GlobalSection(SolutionConfigurationPlatforms) = preSolution
		Debug|Any CPU = Debug|Any CPU
		Release|Any CPU = Release|Any CPU
	EndGlobalSection
	GlobalSection(ProjectConfigurationPlatforms) = postSolution
		{43AA7F9F-21F0-4D4D-A0CC-EF2953494030}.Debug|Any CPU.ActiveCfg = Debug|Any CPU
		{43AA7F9F-21F0-4D4D-A0CC-EF2953494030}.Debug|Any CPU.Build.0 = Debug|Any CPU
		{43AA7F9F-21F0-4D4D-A0CC-EF2953494030}.Release|Any CPU.ActiveCfg = Release|Any CPU
		{43AA7F9F-21F0-4D4D-A0CC-EF2953494030}.Release|Any CPU.Build.0 = Release|Any CPU
		{9DEB3C08-965F-4FB0-A9E5-E420D26C109C}.Debug|Any CPU.ActiveCfg = Debug|Any CPU
		{9DEB3C08-965F-4FB0-A9E5-E420D26C109C}.Debug|Any CPU.Build.0 = Debug|Any CPU
		{9DEB3C08-965F-4FB0-A9E5-E420D26C109C}.Release|Any CPU.ActiveCfg = Release|Any CPU
		{9DEB3C08-965F-4FB0-A9E5-E420D26C109C}.Release|Any CPU.Build.0 = Release|Any CPU
	EndGlobalSection
	GlobalSection(SolutionProperties) = preSolution
		HideSolutionNode = FALSE
	EndGlobalSection
	GlobalSection(NestedProjects) = preSolution
		{43AA7F9F-21F0-4D4D-A0CC-EF2953494030} = {02ABDF66-84FC-48C3-BBC5-3B10FC553FA4}
		{9DEB3C08-965F-4FB0-A9E5-E420D26C109C} = {02ABDF66-84FC-48C3-BBC5-3B10FC553FA4}
	EndGlobalSection
EndGlobal
